// !$*UTF8*$!
{
	archiveVersion = 1;
	classes = {
	};
	objectVersion = 56;
	objects = {

/* Begin PBXBuildFile section */
		1ABEABF8346CE5C876E89972 /* Pods_To_Do_ListTests.framework in Frameworks */ = {isa = PBXBuildFile; fileRef = 3B7F6889253DD22C5484B5C6 /* Pods_To_Do_ListTests.framework */; };
		71AB7C402CC3758300AF8C35 /* AppDelegate.swift in Sources */ = {isa = PBXBuildFile; fileRef = 71AB7C3F2CC3758300AF8C35 /* AppDelegate.swift */; };
		71AB7C422CC3758300AF8C35 /* SceneDelegate.swift in Sources */ = {isa = PBXBuildFile; fileRef = 71AB7C412CC3758300AF8C35 /* SceneDelegate.swift */; };
		71AB7C442CC3758300AF8C35 /* LaunchVC.swift in Sources */ = {isa = PBXBuildFile; fileRef = 71AB7C432CC3758300AF8C35 /* LaunchVC.swift */; };
		71AB7C472CC3758300AF8C35 /* Base in Resources */ = {isa = PBXBuildFile; fileRef = 71AB7C462CC3758300AF8C35 /* Base */; };
		71AB7C4A2CC3758300AF8C35 /* To_Do_List.xcdatamodeld in Sources */ = {isa = PBXBuildFile; fileRef = 71AB7C482CC3758300AF8C35 /* To_Do_List.xcdatamodeld */; };
		71AB7C4C2CC3758500AF8C35 /* Assets.xcassets in Resources */ = {isa = PBXBuildFile; fileRef = 71AB7C4B2CC3758500AF8C35 /* Assets.xcassets */; };
		71AB7C5A2CC3758500AF8C35 /* To_Do_ListTests.swift in Sources */ = {isa = PBXBuildFile; fileRef = 71AB7C592CC3758500AF8C35 /* To_Do_ListTests.swift */; };
		71AB7C642CC3758500AF8C35 /* To_Do_ListUITests.swift in Sources */ = {isa = PBXBuildFile; fileRef = 71AB7C632CC3758500AF8C35 /* To_Do_ListUITests.swift */; };
		71AB7C662CC3758500AF8C35 /* To_Do_ListUITestsLaunchTests.swift in Sources */ = {isa = PBXBuildFile; fileRef = 71AB7C652CC3758500AF8C35 /* To_Do_ListUITestsLaunchTests.swift */; };
		71AB7C782CC37CFF00AF8C35 /* ToDoListVC.swift in Sources */ = {isa = PBXBuildFile; fileRef = 71AB7C772CC37CFF00AF8C35 /* ToDoListVC.swift */; };
		71AB7C7C2CC37D9800AF8C35 /* ItemCVC.xib in Resources */ = {isa = PBXBuildFile; fileRef = 71AB7C7B2CC37D9800AF8C35 /* ItemCVC.xib */; };
		71AB7C7D2CC37D9800AF8C35 /* ItemCVC.swift in Sources */ = {isa = PBXBuildFile; fileRef = 71AB7C7A2CC37D9800AF8C35 /* ItemCVC.swift */; };
		71AB7C802CC382A200AF8C35 /* AppController.swift in Sources */ = {isa = PBXBuildFile; fileRef = 71AB7C7F2CC382A200AF8C35 /* AppController.swift */; };
		71AB7C832CC3865400AF8C35 /* CollectionViewExtensions.swift in Sources */ = {isa = PBXBuildFile; fileRef = 71AB7C822CC3865400AF8C35 /* CollectionViewExtensions.swift */; };
		71AB7C852CC3889500AF8C35 /* ToDoListVM.swift in Sources */ = {isa = PBXBuildFile; fileRef = 71AB7C842CC3889500AF8C35 /* ToDoListVM.swift */; };
		71AB7C872CC38A0500AF8C35 /* TaskModel.swift in Sources */ = {isa = PBXBuildFile; fileRef = 71AB7C862CC38A0500AF8C35 /* TaskModel.swift */; };
		71BEF4512CC38DC200117A44 /* AppActivityIndicator.swift in Sources */ = {isa = PBXBuildFile; fileRef = 71BEF4502CC38DC200117A44 /* AppActivityIndicator.swift */; };
		71BEF4532CC38DE100117A44 /* AppToastView.swift in Sources */ = {isa = PBXBuildFile; fileRef = 71BEF4522CC38DE100117A44 /* AppToastView.swift */; };
		71BEF4552CC38E0B00117A44 /* ViewClasses.swift in Sources */ = {isa = PBXBuildFile; fileRef = 71BEF4542CC38E0B00117A44 /* ViewClasses.swift */; };
		71BEF4572CC38E2900117A44 /* ViewExtensions.swift in Sources */ = {isa = PBXBuildFile; fileRef = 71BEF4562CC38E2900117A44 /* ViewExtensions.swift */; };
		71BEF45A2CC38E6E00117A44 /* Observable.swift in Sources */ = {isa = PBXBuildFile; fileRef = 71BEF4592CC38E6E00117A44 /* Observable.swift */; };
		71BEF45C2CC3A65D00117A44 /* Enumerations.swift in Sources */ = {isa = PBXBuildFile; fileRef = 71BEF45B2CC3A65D00117A44 /* Enumerations.swift */; };
		71BEF45E2CC3AA7000117A44 /* ApiData.json in Resources */ = {isa = PBXBuildFile; fileRef = 71BEF45D2CC3AA7000117A44 /* ApiData.json */; };
		71BEF4602CC3AB2C00117A44 /* SyncApiData.swift in Sources */ = {isa = PBXBuildFile; fileRef = 71BEF45F2CC3AB2C00117A44 /* SyncApiData.swift */; };
		71BEF4622CC3AC0500117A44 /* NetworkManager.swift in Sources */ = {isa = PBXBuildFile; fileRef = 71BEF4612CC3AC0500117A44 /* NetworkManager.swift */; };
		71BEF4642CC3ACAE00117A44 /* CoreDataManager.swift in Sources */ = {isa = PBXBuildFile; fileRef = 71BEF4632CC3ACAE00117A44 /* CoreDataManager.swift */; };
		71BEF4662CC3BCCF00117A44 /* AddNewTaskVC.swift in Sources */ = {isa = PBXBuildFile; fileRef = 71BEF4652CC3BCCF00117A44 /* AddNewTaskVC.swift */; };
		71BEF4682CC3C98B00117A44 /* NotificationManager.swift in Sources */ = {isa = PBXBuildFile; fileRef = 71BEF4672CC3C98B00117A44 /* NotificationManager.swift */; };
		71BEF46A2CC3CF3200117A44 /* ButtonClasses.swift in Sources */ = {isa = PBXBuildFile; fileRef = 71BEF4692CC3CF3200117A44 /* ButtonClasses.swift */; };
		71BEF46D2CC3DD0800117A44 /* LocalizationSystem.swift in Sources */ = {isa = PBXBuildFile; fileRef = 71BEF46C2CC3DD0800117A44 /* LocalizationSystem.swift */; };
		71BEF4702CC3DD6400117A44 /* Localizable.strings in Resources */ = {isa = PBXBuildFile; fileRef = 71BEF46E2CC3DD6400117A44 /* Localizable.strings */; };
		71BEF4732CC3E1CD00117A44 /* AppUserData.swift in Sources */ = {isa = PBXBuildFile; fileRef = 71BEF4722CC3E1CD00117A44 /* AppUserData.swift */; };
		EA8CE55A2FDE3710B387D4ED /* Pods_To_Do_List.framework in Frameworks */ = {isa = PBXBuildFile; fileRef = A720096277DFDDFB20F784A1 /* Pods_To_Do_List.framework */; };
		F261ACA3F6D511BF0E705D54 /* Pods_To_Do_List_To_Do_ListUITests.framework in Frameworks */ = {isa = PBXBuildFile; fileRef = 1518A2A86DD6C80E1CDC5681 /* Pods_To_Do_List_To_Do_ListUITests.framework */; };
/* End PBXBuildFile section */

/* Begin PBXContainerItemProxy section */
		71AB7C562CC3758500AF8C35 /* PBXContainerItemProxy */ = {
			isa = PBXContainerItemProxy;
			containerPortal = 71AB7C342CC3758300AF8C35 /* Project object */;
			proxyType = 1;
			remoteGlobalIDString = 71AB7C3B2CC3758300AF8C35;
			remoteInfo = "To-Do List";
		};
		71AB7C602CC3758500AF8C35 /* PBXContainerItemProxy */ = {
			isa = PBXContainerItemProxy;
			containerPortal = 71AB7C342CC3758300AF8C35 /* Project object */;
			proxyType = 1;
			remoteGlobalIDString = 71AB7C3B2CC3758300AF8C35;
			remoteInfo = "To-Do List";
		};
/* End PBXContainerItemProxy section */

/* Begin PBXFileReference section */
		1518A2A86DD6C80E1CDC5681 /* Pods_To_Do_List_To_Do_ListUITests.framework */ = {isa = PBXFileReference; explicitFileType = wrapper.framework; includeInIndex = 0; path = Pods_To_Do_List_To_Do_ListUITests.framework; sourceTree = BUILT_PRODUCTS_DIR; };
		196F94660E693490FDD39440 /* Pods-To-Do List.debug.xcconfig */ = {isa = PBXFileReference; includeInIndex = 1; lastKnownFileType = text.xcconfig; name = "Pods-To-Do List.debug.xcconfig"; path = "Target Support Files/Pods-To-Do List/Pods-To-Do List.debug.xcconfig"; sourceTree = "<group>"; };
		1A32DF46B5BFB53A72BCA57A /* Pods-To-Do List-To-Do ListUITests.debug.xcconfig */ = {isa = PBXFileReference; includeInIndex = 1; lastKnownFileType = text.xcconfig; name = "Pods-To-Do List-To-Do ListUITests.debug.xcconfig"; path = "Target Support Files/Pods-To-Do List-To-Do ListUITests/Pods-To-Do List-To-Do ListUITests.debug.xcconfig"; sourceTree = "<group>"; };
		3B7F6889253DD22C5484B5C6 /* Pods_To_Do_ListTests.framework */ = {isa = PBXFileReference; explicitFileType = wrapper.framework; includeInIndex = 0; path = Pods_To_Do_ListTests.framework; sourceTree = BUILT_PRODUCTS_DIR; };
		71AB7C3C2CC3758300AF8C35 /* To-Do List.app */ = {isa = PBXFileReference; explicitFileType = wrapper.application; includeInIndex = 0; path = "To-Do List.app"; sourceTree = BUILT_PRODUCTS_DIR; };
		71AB7C3F2CC3758300AF8C35 /* AppDelegate.swift */ = {isa = PBXFileReference; lastKnownFileType = sourcecode.swift; path = AppDelegate.swift; sourceTree = "<group>"; };
		71AB7C412CC3758300AF8C35 /* SceneDelegate.swift */ = {isa = PBXFileReference; lastKnownFileType = sourcecode.swift; path = SceneDelegate.swift; sourceTree = "<group>"; };
		71AB7C432CC3758300AF8C35 /* LaunchVC.swift */ = {isa = PBXFileReference; lastKnownFileType = sourcecode.swift; path = LaunchVC.swift; sourceTree = "<group>"; };
		71AB7C462CC3758300AF8C35 /* Base */ = {isa = PBXFileReference; lastKnownFileType = file.storyboard; name = Base; path = Base.lproj/Main.storyboard; sourceTree = "<group>"; };
		71AB7C492CC3758300AF8C35 /* To_Do_List.xcdatamodel */ = {isa = PBXFileReference; lastKnownFileType = wrapper.xcdatamodel; path = To_Do_List.xcdatamodel; sourceTree = "<group>"; };
		71AB7C4B2CC3758500AF8C35 /* Assets.xcassets */ = {isa = PBXFileReference; lastKnownFileType = folder.assetcatalog; path = Assets.xcassets; sourceTree = "<group>"; };
		71AB7C502CC3758500AF8C35 /* Info.plist */ = {isa = PBXFileReference; lastKnownFileType = text.plist.xml; path = Info.plist; sourceTree = "<group>"; };
		71AB7C552CC3758500AF8C35 /* To-Do ListTests.xctest */ = {isa = PBXFileReference; explicitFileType = wrapper.cfbundle; includeInIndex = 0; path = "To-Do ListTests.xctest"; sourceTree = BUILT_PRODUCTS_DIR; };
		71AB7C592CC3758500AF8C35 /* To_Do_ListTests.swift */ = {isa = PBXFileReference; lastKnownFileType = sourcecode.swift; path = To_Do_ListTests.swift; sourceTree = "<group>"; };
		71AB7C5F2CC3758500AF8C35 /* To-Do ListUITests.xctest */ = {isa = PBXFileReference; explicitFileType = wrapper.cfbundle; includeInIndex = 0; path = "To-Do ListUITests.xctest"; sourceTree = BUILT_PRODUCTS_DIR; };
		71AB7C632CC3758500AF8C35 /* To_Do_ListUITests.swift */ = {isa = PBXFileReference; lastKnownFileType = sourcecode.swift; path = To_Do_ListUITests.swift; sourceTree = "<group>"; };
		71AB7C652CC3758500AF8C35 /* To_Do_ListUITestsLaunchTests.swift */ = {isa = PBXFileReference; lastKnownFileType = sourcecode.swift; path = To_Do_ListUITestsLaunchTests.swift; sourceTree = "<group>"; };
		71AB7C772CC37CFF00AF8C35 /* ToDoListVC.swift */ = {isa = PBXFileReference; lastKnownFileType = sourcecode.swift; path = ToDoListVC.swift; sourceTree = "<group>"; };
		71AB7C7A2CC37D9800AF8C35 /* ItemCVC.swift */ = {isa = PBXFileReference; lastKnownFileType = sourcecode.swift; path = ItemCVC.swift; sourceTree = "<group>"; };
		71AB7C7B2CC37D9800AF8C35 /* ItemCVC.xib */ = {isa = PBXFileReference; lastKnownFileType = file.xib; path = ItemCVC.xib; sourceTree = "<group>"; };
		71AB7C7F2CC382A200AF8C35 /* AppController.swift */ = {isa = PBXFileReference; lastKnownFileType = sourcecode.swift; path = AppController.swift; sourceTree = "<group>"; };
		71AB7C822CC3865400AF8C35 /* CollectionViewExtensions.swift */ = {isa = PBXFileReference; lastKnownFileType = sourcecode.swift; path = CollectionViewExtensions.swift; sourceTree = "<group>"; };
		71AB7C842CC3889500AF8C35 /* ToDoListVM.swift */ = {isa = PBXFileReference; lastKnownFileType = sourcecode.swift; path = ToDoListVM.swift; sourceTree = "<group>"; };
		71AB7C862CC38A0500AF8C35 /* TaskModel.swift */ = {isa = PBXFileReference; lastKnownFileType = sourcecode.swift; path = TaskModel.swift; sourceTree = "<group>"; };
		71BEF4502CC38DC200117A44 /* AppActivityIndicator.swift */ = {isa = PBXFileReference; lastKnownFileType = sourcecode.swift; path = AppActivityIndicator.swift; sourceTree = "<group>"; };
		71BEF4522CC38DE100117A44 /* AppToastView.swift */ = {isa = PBXFileReference; lastKnownFileType = sourcecode.swift; path = AppToastView.swift; sourceTree = "<group>"; };
		71BEF4542CC38E0B00117A44 /* ViewClasses.swift */ = {isa = PBXFileReference; lastKnownFileType = sourcecode.swift; path = ViewClasses.swift; sourceTree = "<group>"; };
		71BEF4562CC38E2900117A44 /* ViewExtensions.swift */ = {isa = PBXFileReference; lastKnownFileType = sourcecode.swift; path = ViewExtensions.swift; sourceTree = "<group>"; };
		71BEF4592CC38E6E00117A44 /* Observable.swift */ = {isa = PBXFileReference; lastKnownFileType = sourcecode.swift; path = Observable.swift; sourceTree = "<group>"; };
		71BEF45B2CC3A65D00117A44 /* Enumerations.swift */ = {isa = PBXFileReference; lastKnownFileType = sourcecode.swift; path = Enumerations.swift; sourceTree = "<group>"; };
		71BEF45D2CC3AA7000117A44 /* ApiData.json */ = {isa = PBXFileReference; fileEncoding = 4; lastKnownFileType = text.json; path = ApiData.json; sourceTree = "<group>"; };
		71BEF45F2CC3AB2C00117A44 /* SyncApiData.swift */ = {isa = PBXFileReference; lastKnownFileType = sourcecode.swift; path = SyncApiData.swift; sourceTree = "<group>"; };
		71BEF4612CC3AC0500117A44 /* NetworkManager.swift */ = {isa = PBXFileReference; lastKnownFileType = sourcecode.swift; path = NetworkManager.swift; sourceTree = "<group>"; };
		71BEF4632CC3ACAE00117A44 /* CoreDataManager.swift */ = {isa = PBXFileReference; lastKnownFileType = sourcecode.swift; path = CoreDataManager.swift; sourceTree = "<group>"; };
		71BEF4652CC3BCCF00117A44 /* AddNewTaskVC.swift */ = {isa = PBXFileReference; lastKnownFileType = sourcecode.swift; path = AddNewTaskVC.swift; sourceTree = "<group>"; };
		71BEF4672CC3C98B00117A44 /* NotificationManager.swift */ = {isa = PBXFileReference; lastKnownFileType = sourcecode.swift; path = NotificationManager.swift; sourceTree = "<group>"; };
		71BEF4692CC3CF3200117A44 /* ButtonClasses.swift */ = {isa = PBXFileReference; lastKnownFileType = sourcecode.swift; path = ButtonClasses.swift; sourceTree = "<group>"; };
		71BEF46B2CC3DCBD00117A44 /* es */ = {isa = PBXFileReference; lastKnownFileType = text.plist.strings; name = es; path = es.lproj/Main.strings; sourceTree = "<group>"; };
		71BEF46C2CC3DD0800117A44 /* LocalizationSystem.swift */ = {isa = PBXFileReference; lastKnownFileType = sourcecode.swift; path = LocalizationSystem.swift; sourceTree = "<group>"; };
		71BEF46F2CC3DD6400117A44 /* en */ = {isa = PBXFileReference; lastKnownFileType = text.plist.strings; name = en; path = en.lproj/Localizable.strings; sourceTree = "<group>"; };
		71BEF4712CC3DD6B00117A44 /* es */ = {isa = PBXFileReference; lastKnownFileType = text.plist.strings; name = es; path = es.lproj/Localizable.strings; sourceTree = "<group>"; };
		71BEF4722CC3E1CD00117A44 /* AppUserData.swift */ = {isa = PBXFileReference; lastKnownFileType = sourcecode.swift; path = AppUserData.swift; sourceTree = "<group>"; };
		994CDCB5881CF8BC53C12F70 /* Pods-To-Do List-To-Do ListUITests.release.xcconfig */ = {isa = PBXFileReference; includeInIndex = 1; lastKnownFileType = text.xcconfig; name = "Pods-To-Do List-To-Do ListUITests.release.xcconfig"; path = "Target Support Files/Pods-To-Do List-To-Do ListUITests/Pods-To-Do List-To-Do ListUITests.release.xcconfig"; sourceTree = "<group>"; };
		A720096277DFDDFB20F784A1 /* Pods_To_Do_List.framework */ = {isa = PBXFileReference; explicitFileType = wrapper.framework; includeInIndex = 0; path = Pods_To_Do_List.framework; sourceTree = BUILT_PRODUCTS_DIR; };
		A8C476271C0A12090ADF6454 /* Pods-To-Do List.release.xcconfig */ = {isa = PBXFileReference; includeInIndex = 1; lastKnownFileType = text.xcconfig; name = "Pods-To-Do List.release.xcconfig"; path = "Target Support Files/Pods-To-Do List/Pods-To-Do List.release.xcconfig"; sourceTree = "<group>"; };
		D3080D160C183E89F0245818 /* Pods-To-Do ListTests.debug.xcconfig */ = {isa = PBXFileReference; includeInIndex = 1; lastKnownFileType = text.xcconfig; name = "Pods-To-Do ListTests.debug.xcconfig"; path = "Target Support Files/Pods-To-Do ListTests/Pods-To-Do ListTests.debug.xcconfig"; sourceTree = "<group>"; };
		F14A16C5D5C152D5C05C55A1 /* Pods-To-Do ListTests.release.xcconfig */ = {isa = PBXFileReference; includeInIndex = 1; lastKnownFileType = text.xcconfig; name = "Pods-To-Do ListTests.release.xcconfig"; path = "Target Support Files/Pods-To-Do ListTests/Pods-To-Do ListTests.release.xcconfig"; sourceTree = "<group>"; };
/* End PBXFileReference section */

/* Begin PBXFrameworksBuildPhase section */
		71AB7C392CC3758300AF8C35 /* Frameworks */ = {
			isa = PBXFrameworksBuildPhase;
			buildActionMask = 2147483647;
			files = (
				EA8CE55A2FDE3710B387D4ED /* Pods_To_Do_List.framework in Frameworks */,
			);
			runOnlyForDeploymentPostprocessing = 0;
		};
		71AB7C522CC3758500AF8C35 /* Frameworks */ = {
			isa = PBXFrameworksBuildPhase;
			buildActionMask = 2147483647;
			files = (
				1ABEABF8346CE5C876E89972 /* Pods_To_Do_ListTests.framework in Frameworks */,
			);
			runOnlyForDeploymentPostprocessing = 0;
		};
		71AB7C5C2CC3758500AF8C35 /* Frameworks */ = {
			isa = PBXFrameworksBuildPhase;
			buildActionMask = 2147483647;
			files = (
				F261ACA3F6D511BF0E705D54 /* Pods_To_Do_List_To_Do_ListUITests.framework in Frameworks */,
			);
			runOnlyForDeploymentPostprocessing = 0;
		};
/* End PBXFrameworksBuildPhase section */

/* Begin PBXGroup section */
		71AB7C332CC3758300AF8C35 = {
			isa = PBXGroup;
			children = (
				71AB7C3E2CC3758300AF8C35 /* To-Do List */,
				71AB7C582CC3758500AF8C35 /* To-Do ListTests */,
				71AB7C622CC3758500AF8C35 /* To-Do ListUITests */,
				71AB7C3D2CC3758300AF8C35 /* Products */,
				96B62FD5E22112103E9BD378 /* Pods */,
				AC4FDE5ACFB669A8B3C4AAF5 /* Frameworks */,
			);
			sourceTree = "<group>";
		};
		71AB7C3D2CC3758300AF8C35 /* Products */ = {
			isa = PBXGroup;
			children = (
				71AB7C3C2CC3758300AF8C35 /* To-Do List.app */,
				71AB7C552CC3758500AF8C35 /* To-Do ListTests.xctest */,
				71AB7C5F2CC3758500AF8C35 /* To-Do ListUITests.xctest */,
			);
			name = Products;
			sourceTree = "<group>";
		};
		71AB7C3E2CC3758300AF8C35 /* To-Do List */ = {
			isa = PBXGroup;
			children = (
				71AB7C732CC375C900AF8C35 /* Models */,
				71AB7C742CC375D300AF8C35 /* Views */,
				71AB7C752CC375D900AF8C35 /* View Models */,
				71AB7C762CC375E200AF8C35 /* Controllers */,
				71AB7C722CC375A900AF8C35 /* Supporting Files */,
			);
			path = "To-Do List";
			sourceTree = "<group>";
		};
		71AB7C582CC3758500AF8C35 /* To-Do ListTests */ = {
			isa = PBXGroup;
			children = (
				71AB7C592CC3758500AF8C35 /* To_Do_ListTests.swift */,
			);
			path = "To-Do ListTests";
			sourceTree = "<group>";
		};
		71AB7C622CC3758500AF8C35 /* To-Do ListUITests */ = {
			isa = PBXGroup;
			children = (
				71AB7C632CC3758500AF8C35 /* To_Do_ListUITests.swift */,
				71AB7C652CC3758500AF8C35 /* To_Do_ListUITestsLaunchTests.swift */,
			);
			path = "To-Do ListUITests";
			sourceTree = "<group>";
		};
		71AB7C722CC375A900AF8C35 /* Supporting Files */ = {
			isa = PBXGroup;
			children = (
				71BEF4582CC38E3C00117A44 /* Classes */,
				71AB7C812CC3863500AF8C35 /* Extensions */,
				71AB7C3F2CC3758300AF8C35 /* AppDelegate.swift */,
				71AB7C412CC3758300AF8C35 /* SceneDelegate.swift */,
				71AB7C7F2CC382A200AF8C35 /* AppController.swift */,
				71BEF4502CC38DC200117A44 /* AppActivityIndicator.swift */,
				71BEF4522CC38DE100117A44 /* AppToastView.swift */,
				71BEF4592CC38E6E00117A44 /* Observable.swift */,
				71BEF45B2CC3A65D00117A44 /* Enumerations.swift */,
				71BEF45D2CC3AA7000117A44 /* ApiData.json */,
				71BEF45F2CC3AB2C00117A44 /* SyncApiData.swift */,
				71BEF4612CC3AC0500117A44 /* NetworkManager.swift */,
				71BEF4632CC3ACAE00117A44 /* CoreDataManager.swift */,
				71BEF4672CC3C98B00117A44 /* NotificationManager.swift */,
				71BEF46C2CC3DD0800117A44 /* LocalizationSystem.swift */,
				71BEF4722CC3E1CD00117A44 /* AppUserData.swift */,
				71BEF46E2CC3DD6400117A44 /* Localizable.strings */,
				71AB7C4B2CC3758500AF8C35 /* Assets.xcassets */,
				71AB7C502CC3758500AF8C35 /* Info.plist */,
				71AB7C482CC3758300AF8C35 /* To_Do_List.xcdatamodeld */,
			);
			path = "Supporting Files";
			sourceTree = "<group>";
		};
		71AB7C732CC375C900AF8C35 /* Models */ = {
			isa = PBXGroup;
			children = (
				71AB7C862CC38A0500AF8C35 /* TaskModel.swift */,
			);
			path = Models;
			sourceTree = "<group>";
		};
		71AB7C742CC375D300AF8C35 /* Views */ = {
			isa = PBXGroup;
			children = (
				71AB7C792CC37D6C00AF8C35 /* CollectionViewCells */,
				71AB7C452CC3758300AF8C35 /* Main.storyboard */,
			);
			path = Views;
			sourceTree = "<group>";
		};
		71AB7C752CC375D900AF8C35 /* View Models */ = {
			isa = PBXGroup;
			children = (
				71AB7C842CC3889500AF8C35 /* ToDoListVM.swift */,
			);
			path = "View Models";
			sourceTree = "<group>";
		};
		71AB7C762CC375E200AF8C35 /* Controllers */ = {
			isa = PBXGroup;
			children = (
				71AB7C432CC3758300AF8C35 /* LaunchVC.swift */,
				71AB7C772CC37CFF00AF8C35 /* ToDoListVC.swift */,
				71BEF4652CC3BCCF00117A44 /* AddNewTaskVC.swift */,
			);
			path = Controllers;
			sourceTree = "<group>";
		};
		71AB7C792CC37D6C00AF8C35 /* CollectionViewCells */ = {
			isa = PBXGroup;
			children = (
				71AB7C7A2CC37D9800AF8C35 /* ItemCVC.swift */,
				71AB7C7B2CC37D9800AF8C35 /* ItemCVC.xib */,
			);
			path = CollectionViewCells;
			sourceTree = "<group>";
		};
		71AB7C812CC3863500AF8C35 /* Extensions */ = {
			isa = PBXGroup;
			children = (
				71BEF4562CC38E2900117A44 /* ViewExtensions.swift */,
				71AB7C822CC3865400AF8C35 /* CollectionViewExtensions.swift */,
			);
			path = Extensions;
			sourceTree = "<group>";
		};
		71BEF4582CC38E3C00117A44 /* Classes */ = {
			isa = PBXGroup;
			children = (
				71BEF4542CC38E0B00117A44 /* ViewClasses.swift */,
				71BEF4692CC3CF3200117A44 /* ButtonClasses.swift */,
			);
			path = Classes;
			sourceTree = "<group>";
		};
		96B62FD5E22112103E9BD378 /* Pods */ = {
			isa = PBXGroup;
			children = (
				196F94660E693490FDD39440 /* Pods-To-Do List.debug.xcconfig */,
				A8C476271C0A12090ADF6454 /* Pods-To-Do List.release.xcconfig */,
				1A32DF46B5BFB53A72BCA57A /* Pods-To-Do List-To-Do ListUITests.debug.xcconfig */,
				994CDCB5881CF8BC53C12F70 /* Pods-To-Do List-To-Do ListUITests.release.xcconfig */,
				D3080D160C183E89F0245818 /* Pods-To-Do ListTests.debug.xcconfig */,
				F14A16C5D5C152D5C05C55A1 /* Pods-To-Do ListTests.release.xcconfig */,
			);
			path = Pods;
			sourceTree = "<group>";
		};
		AC4FDE5ACFB669A8B3C4AAF5 /* Frameworks */ = {
			isa = PBXGroup;
			children = (
				A720096277DFDDFB20F784A1 /* Pods_To_Do_List.framework */,
				1518A2A86DD6C80E1CDC5681 /* Pods_To_Do_List_To_Do_ListUITests.framework */,
				3B7F6889253DD22C5484B5C6 /* Pods_To_Do_ListTests.framework */,
			);
			name = Frameworks;
			sourceTree = "<group>";
		};
/* End PBXGroup section */

/* Begin PBXNativeTarget section */
		71AB7C3B2CC3758300AF8C35 /* To-Do List */ = {
			isa = PBXNativeTarget;
			buildConfigurationList = 71AB7C692CC3758500AF8C35 /* Build configuration list for PBXNativeTarget "To-Do List" */;
			buildPhases = (
				6F58AE248BD9A51781DF0050 /* [CP] Check Pods Manifest.lock */,
				71AB7C382CC3758300AF8C35 /* Sources */,
				71AB7C392CC3758300AF8C35 /* Frameworks */,
				71AB7C3A2CC3758300AF8C35 /* Resources */,
				B694D687C24E965F6910BB19 /* [CP] Embed Pods Frameworks */,
			);
			buildRules = (
			);
			dependencies = (
			);
			name = "To-Do List";
			productName = "To-Do List";
			productReference = 71AB7C3C2CC3758300AF8C35 /* To-Do List.app */;
			productType = "com.apple.product-type.application";
		};
		71AB7C542CC3758500AF8C35 /* To-Do ListTests */ = {
			isa = PBXNativeTarget;
			buildConfigurationList = 71AB7C6C2CC3758500AF8C35 /* Build configuration list for PBXNativeTarget "To-Do ListTests" */;
			buildPhases = (
				A939CB2855F2B5C2FF62A12E /* [CP] Check Pods Manifest.lock */,
				71AB7C512CC3758500AF8C35 /* Sources */,
				71AB7C522CC3758500AF8C35 /* Frameworks */,
				71AB7C532CC3758500AF8C35 /* Resources */,
			);
			buildRules = (
			);
			dependencies = (
				71AB7C572CC3758500AF8C35 /* PBXTargetDependency */,
			);
			name = "To-Do ListTests";
			productName = "To-Do ListTests";
			productReference = 71AB7C552CC3758500AF8C35 /* To-Do ListTests.xctest */;
			productType = "com.apple.product-type.bundle.unit-test";
		};
		71AB7C5E2CC3758500AF8C35 /* To-Do ListUITests */ = {
			isa = PBXNativeTarget;
			buildConfigurationList = 71AB7C6F2CC3758500AF8C35 /* Build configuration list for PBXNativeTarget "To-Do ListUITests" */;
			buildPhases = (
				F841E43EF19B52EC11C4FDB4 /* [CP] Check Pods Manifest.lock */,
				71AB7C5B2CC3758500AF8C35 /* Sources */,
				71AB7C5C2CC3758500AF8C35 /* Frameworks */,
				71AB7C5D2CC3758500AF8C35 /* Resources */,
				F9E62911831432B21F69B347 /* [CP] Embed Pods Frameworks */,
			);
			buildRules = (
			);
			dependencies = (
				71AB7C612CC3758500AF8C35 /* PBXTargetDependency */,
			);
			name = "To-Do ListUITests";
			productName = "To-Do ListUITests";
			productReference = 71AB7C5F2CC3758500AF8C35 /* To-Do ListUITests.xctest */;
			productType = "com.apple.product-type.bundle.ui-testing";
		};
/* End PBXNativeTarget section */

/* Begin PBXProject section */
		71AB7C342CC3758300AF8C35 /* Project object */ = {
			isa = PBXProject;
			attributes = {
				BuildIndependentTargetsInParallel = 1;
				LastSwiftUpdateCheck = 1530;
				LastUpgradeCheck = 1530;
				TargetAttributes = {
					71AB7C3B2CC3758300AF8C35 = {
						CreatedOnToolsVersion = 15.3;
					};
					71AB7C542CC3758500AF8C35 = {
						CreatedOnToolsVersion = 15.3;
						TestTargetID = 71AB7C3B2CC3758300AF8C35;
					};
					71AB7C5E2CC3758500AF8C35 = {
						CreatedOnToolsVersion = 15.3;
						TestTargetID = 71AB7C3B2CC3758300AF8C35;
					};
				};
			};
			buildConfigurationList = 71AB7C372CC3758300AF8C35 /* Build configuration list for PBXProject "To-Do List" */;
			compatibilityVersion = "Xcode 14.0";
			developmentRegion = en;
			hasScannedForEncodings = 0;
			knownRegions = (
				en,
				Base,
				es,
			);
			mainGroup = 71AB7C332CC3758300AF8C35;
			productRefGroup = 71AB7C3D2CC3758300AF8C35 /* Products */;
			projectDirPath = "";
			projectRoot = "";
			targets = (
				71AB7C3B2CC3758300AF8C35 /* To-Do List */,
				71AB7C542CC3758500AF8C35 /* To-Do ListTests */,
				71AB7C5E2CC3758500AF8C35 /* To-Do ListUITests */,
			);
		};
/* End PBXProject section */

/* Begin PBXResourcesBuildPhase section */
		71AB7C3A2CC3758300AF8C35 /* Resources */ = {
			isa = PBXResourcesBuildPhase;
			buildActionMask = 2147483647;
			files = (
				71BEF4702CC3DD6400117A44 /* Localizable.strings in Resources */,
				71BEF45E2CC3AA7000117A44 /* ApiData.json in Resources */,
				71AB7C7C2CC37D9800AF8C35 /* ItemCVC.xib in Resources */,
				71AB7C4C2CC3758500AF8C35 /* Assets.xcassets in Resources */,
				71AB7C472CC3758300AF8C35 /* Base in Resources */,
			);
			runOnlyForDeploymentPostprocessing = 0;
		};
		71AB7C532CC3758500AF8C35 /* Resources */ = {
			isa = PBXResourcesBuildPhase;
			buildActionMask = 2147483647;
			files = (
			);
			runOnlyForDeploymentPostprocessing = 0;
		};
		71AB7C5D2CC3758500AF8C35 /* Resources */ = {
			isa = PBXResourcesBuildPhase;
			buildActionMask = 2147483647;
			files = (
			);
			runOnlyForDeploymentPostprocessing = 0;
		};
/* End PBXResourcesBuildPhase section */

/* Begin PBXShellScriptBuildPhase section */
		6F58AE248BD9A51781DF0050 /* [CP] Check Pods Manifest.lock */ = {
			isa = PBXShellScriptBuildPhase;
			buildActionMask = 2147483647;
			files = (
			);
			inputFileListPaths = (
			);
			inputPaths = (
				"${PODS_PODFILE_DIR_PATH}/Podfile.lock",
				"${PODS_ROOT}/Manifest.lock",
			);
			name = "[CP] Check Pods Manifest.lock";
			outputFileListPaths = (
			);
			outputPaths = (
				"$(DERIVED_FILE_DIR)/Pods-To-Do List-checkManifestLockResult.txt",
			);
			runOnlyForDeploymentPostprocessing = 0;
			shellPath = /bin/sh;
			shellScript = "diff \"${PODS_PODFILE_DIR_PATH}/Podfile.lock\" \"${PODS_ROOT}/Manifest.lock\" > /dev/null\nif [ $? != 0 ] ; then\n    # print error to STDERR\n    echo \"error: The sandbox is not in sync with the Podfile.lock. Run 'pod install' or update your CocoaPods installation.\" >&2\n    exit 1\nfi\n# This output is used by Xcode 'outputs' to avoid re-running this script phase.\necho \"SUCCESS\" > \"${SCRIPT_OUTPUT_FILE_0}\"\n";
			showEnvVarsInLog = 0;
		};
		A939CB2855F2B5C2FF62A12E /* [CP] Check Pods Manifest.lock */ = {
			isa = PBXShellScriptBuildPhase;
			buildActionMask = 2147483647;
			files = (
			);
			inputFileListPaths = (
			);
			inputPaths = (
				"${PODS_PODFILE_DIR_PATH}/Podfile.lock",
				"${PODS_ROOT}/Manifest.lock",
			);
			name = "[CP] Check Pods Manifest.lock";
			outputFileListPaths = (
			);
			outputPaths = (
				"$(DERIVED_FILE_DIR)/Pods-To-Do ListTests-checkManifestLockResult.txt",
			);
			runOnlyForDeploymentPostprocessing = 0;
			shellPath = /bin/sh;
			shellScript = "diff \"${PODS_PODFILE_DIR_PATH}/Podfile.lock\" \"${PODS_ROOT}/Manifest.lock\" > /dev/null\nif [ $? != 0 ] ; then\n    # print error to STDERR\n    echo \"error: The sandbox is not in sync with the Podfile.lock. Run 'pod install' or update your CocoaPods installation.\" >&2\n    exit 1\nfi\n# This output is used by Xcode 'outputs' to avoid re-running this script phase.\necho \"SUCCESS\" > \"${SCRIPT_OUTPUT_FILE_0}\"\n";
			showEnvVarsInLog = 0;
		};
		B694D687C24E965F6910BB19 /* [CP] Embed Pods Frameworks */ = {
			isa = PBXShellScriptBuildPhase;
			buildActionMask = 2147483647;
			files = (
			);
			inputFileListPaths = (
				"${PODS_ROOT}/Target Support Files/Pods-To-Do List/Pods-To-Do List-frameworks-${CONFIGURATION}-input-files.xcfilelist",
			);
			name = "[CP] Embed Pods Frameworks";
			outputFileListPaths = (
				"${PODS_ROOT}/Target Support Files/Pods-To-Do List/Pods-To-Do List-frameworks-${CONFIGURATION}-output-files.xcfilelist",
			);
			runOnlyForDeploymentPostprocessing = 0;
			shellPath = /bin/sh;
			shellScript = "\"${PODS_ROOT}/Target Support Files/Pods-To-Do List/Pods-To-Do List-frameworks.sh\"\n";
			showEnvVarsInLog = 0;
		};
		F841E43EF19B52EC11C4FDB4 /* [CP] Check Pods Manifest.lock */ = {
			isa = PBXShellScriptBuildPhase;
			buildActionMask = 2147483647;
			files = (
			);
			inputFileListPaths = (
			);
			inputPaths = (
				"${PODS_PODFILE_DIR_PATH}/Podfile.lock",
				"${PODS_ROOT}/Manifest.lock",
			);
			name = "[CP] Check Pods Manifest.lock";
			outputFileListPaths = (
			);
			outputPaths = (
				"$(DERIVED_FILE_DIR)/Pods-To-Do List-To-Do ListUITests-checkManifestLockResult.txt",
			);
			runOnlyForDeploymentPostprocessing = 0;
			shellPath = /bin/sh;
			shellScript = "diff \"${PODS_PODFILE_DIR_PATH}/Podfile.lock\" \"${PODS_ROOT}/Manifest.lock\" > /dev/null\nif [ $? != 0 ] ; then\n    # print error to STDERR\n    echo \"error: The sandbox is not in sync with the Podfile.lock. Run 'pod install' or update your CocoaPods installation.\" >&2\n    exit 1\nfi\n# This output is used by Xcode 'outputs' to avoid re-running this script phase.\necho \"SUCCESS\" > \"${SCRIPT_OUTPUT_FILE_0}\"\n";
			showEnvVarsInLog = 0;
		};
		F9E62911831432B21F69B347 /* [CP] Embed Pods Frameworks */ = {
			isa = PBXShellScriptBuildPhase;
			buildActionMask = 2147483647;
			files = (
			);
			inputFileListPaths = (
				"${PODS_ROOT}/Target Support Files/Pods-To-Do List-To-Do ListUITests/Pods-To-Do List-To-Do ListUITests-frameworks-${CONFIGURATION}-input-files.xcfilelist",
			);
			name = "[CP] Embed Pods Frameworks";
			outputFileListPaths = (
				"${PODS_ROOT}/Target Support Files/Pods-To-Do List-To-Do ListUITests/Pods-To-Do List-To-Do ListUITests-frameworks-${CONFIGURATION}-output-files.xcfilelist",
			);
			runOnlyForDeploymentPostprocessing = 0;
			shellPath = /bin/sh;
			shellScript = "\"${PODS_ROOT}/Target Support Files/Pods-To-Do List-To-Do ListUITests/Pods-To-Do List-To-Do ListUITests-frameworks.sh\"\n";
			showEnvVarsInLog = 0;
		};
/* End PBXShellScriptBuildPhase section */

/* Begin PBXSourcesBuildPhase section */
		71AB7C382CC3758300AF8C35 /* Sources */ = {
			isa = PBXSourcesBuildPhase;
			buildActionMask = 2147483647;
			files = (
				71BEF4622CC3AC0500117A44 /* NetworkManager.swift in Sources */,
				71BEF4532CC38DE100117A44 /* AppToastView.swift in Sources */,
				71BEF45A2CC38E6E00117A44 /* Observable.swift in Sources */,
				71BEF4642CC3ACAE00117A44 /* CoreDataManager.swift in Sources */,
				71BEF4662CC3BCCF00117A44 /* AddNewTaskVC.swift in Sources */,
				71AB7C832CC3865400AF8C35 /* CollectionViewExtensions.swift in Sources */,
				71BEF4552CC38E0B00117A44 /* ViewClasses.swift in Sources */,
				71BEF4602CC3AB2C00117A44 /* SyncApiData.swift in Sources */,
				71BEF46A2CC3CF3200117A44 /* ButtonClasses.swift in Sources */,
				71AB7C442CC3758300AF8C35 /* LaunchVC.swift in Sources */,
				71AB7C872CC38A0500AF8C35 /* TaskModel.swift in Sources */,
				71BEF46D2CC3DD0800117A44 /* LocalizationSystem.swift in Sources */,
				71AB7C402CC3758300AF8C35 /* AppDelegate.swift in Sources */,
				71BEF45C2CC3A65D00117A44 /* Enumerations.swift in Sources */,
				71BEF4732CC3E1CD00117A44 /* AppUserData.swift in Sources */,
				71AB7C782CC37CFF00AF8C35 /* ToDoListVC.swift in Sources */,
				71AB7C7D2CC37D9800AF8C35 /* ItemCVC.swift in Sources */,
				71BEF4572CC38E2900117A44 /* ViewExtensions.swift in Sources */,
				71BEF4512CC38DC200117A44 /* AppActivityIndicator.swift in Sources */,
				71AB7C422CC3758300AF8C35 /* SceneDelegate.swift in Sources */,
				71AB7C4A2CC3758300AF8C35 /* To_Do_List.xcdatamodeld in Sources */,
				71BEF4682CC3C98B00117A44 /* NotificationManager.swift in Sources */,
				71AB7C802CC382A200AF8C35 /* AppController.swift in Sources */,
				71AB7C852CC3889500AF8C35 /* ToDoListVM.swift in Sources */,
			);
			runOnlyForDeploymentPostprocessing = 0;
		};
		71AB7C512CC3758500AF8C35 /* Sources */ = {
			isa = PBXSourcesBuildPhase;
			buildActionMask = 2147483647;
			files = (
				71AB7C5A2CC3758500AF8C35 /* To_Do_ListTests.swift in Sources */,
			);
			runOnlyForDeploymentPostprocessing = 0;
		};
		71AB7C5B2CC3758500AF8C35 /* Sources */ = {
			isa = PBXSourcesBuildPhase;
			buildActionMask = 2147483647;
			files = (
				71AB7C662CC3758500AF8C35 /* To_Do_ListUITestsLaunchTests.swift in Sources */,
				71AB7C642CC3758500AF8C35 /* To_Do_ListUITests.swift in Sources */,
			);
			runOnlyForDeploymentPostprocessing = 0;
		};
/* End PBXSourcesBuildPhase section */

/* Begin PBXTargetDependency section */
		71AB7C572CC3758500AF8C35 /* PBXTargetDependency */ = {
			isa = PBXTargetDependency;
			target = 71AB7C3B2CC3758300AF8C35 /* To-Do List */;
			targetProxy = 71AB7C562CC3758500AF8C35 /* PBXContainerItemProxy */;
		};
		71AB7C612CC3758500AF8C35 /* PBXTargetDependency */ = {
			isa = PBXTargetDependency;
			target = 71AB7C3B2CC3758300AF8C35 /* To-Do List */;
			targetProxy = 71AB7C602CC3758500AF8C35 /* PBXContainerItemProxy */;
		};
/* End PBXTargetDependency section */

/* Begin PBXVariantGroup section */
		71AB7C452CC3758300AF8C35 /* Main.storyboard */ = {
			isa = PBXVariantGroup;
			children = (
				71AB7C462CC3758300AF8C35 /* Base */,
				71BEF46B2CC3DCBD00117A44 /* es */,
			);
			name = Main.storyboard;
			sourceTree = "<group>";
		};
		71BEF46E2CC3DD6400117A44 /* Localizable.strings */ = {
			isa = PBXVariantGroup;
			children = (
				71BEF46F2CC3DD6400117A44 /* en */,
				71BEF4712CC3DD6B00117A44 /* es */,
			);
			name = Localizable.strings;
			sourceTree = "<group>";
		};
/* End PBXVariantGroup section */

/* Begin XCBuildConfiguration section */
		71AB7C672CC3758500AF8C35 /* Debug */ = {
			isa = XCBuildConfiguration;
			buildSettings = {
				ALWAYS_SEARCH_USER_PATHS = NO;
				ASSETCATALOG_COMPILER_GENERATE_SWIFT_ASSET_SYMBOL_EXTENSIONS = YES;
				CLANG_ANALYZER_LOCALIZABILITY_NONLOCALIZED = YES;
				CLANG_ANALYZER_NONNULL = YES;
				CLANG_ANALYZER_NUMBER_OBJECT_CONVERSION = YES_AGGRESSIVE;
				CLANG_CXX_LANGUAGE_STANDARD = "gnu++20";
				CLANG_ENABLE_MODULES = YES;
				CLANG_ENABLE_OBJC_ARC = YES;
				CLANG_ENABLE_OBJC_WEAK = YES;
				CLANG_WARN_BLOCK_CAPTURE_AUTORELEASING = YES;
				CLANG_WARN_BOOL_CONVERSION = YES;
				CLANG_WARN_COMMA = YES;
				CLANG_WARN_CONSTANT_CONVERSION = YES;
				CLANG_WARN_DEPRECATED_OBJC_IMPLEMENTATIONS = YES;
				CLANG_WARN_DIRECT_OBJC_ISA_USAGE = YES_ERROR;
				CLANG_WARN_DOCUMENTATION_COMMENTS = YES;
				CLANG_WARN_EMPTY_BODY = YES;
				CLANG_WARN_ENUM_CONVERSION = YES;
				CLANG_WARN_INFINITE_RECURSION = YES;
				CLANG_WARN_INT_CONVERSION = YES;
				CLANG_WARN_NON_LITERAL_NULL_CONVERSION = YES;
				CLANG_WARN_OBJC_IMPLICIT_RETAIN_SELF = YES;
				CLANG_WARN_OBJC_LITERAL_CONVERSION = YES;
				CLANG_WARN_OBJC_ROOT_CLASS = YES_ERROR;
				CLANG_WARN_QUOTED_INCLUDE_IN_FRAMEWORK_HEADER = YES;
				CLANG_WARN_RANGE_LOOP_ANALYSIS = YES;
				CLANG_WARN_STRICT_PROTOTYPES = YES;
				CLANG_WARN_SUSPICIOUS_MOVE = YES;
				CLANG_WARN_UNGUARDED_AVAILABILITY = YES_AGGRESSIVE;
				CLANG_WARN_UNREACHABLE_CODE = YES;
				CLANG_WARN__DUPLICATE_METHOD_MATCH = YES;
				COPY_PHASE_STRIP = NO;
				DEBUG_INFORMATION_FORMAT = dwarf;
				ENABLE_STRICT_OBJC_MSGSEND = YES;
				ENABLE_TESTABILITY = YES;
				ENABLE_USER_SCRIPT_SANDBOXING = YES;
				GCC_C_LANGUAGE_STANDARD = gnu17;
				GCC_DYNAMIC_NO_PIC = NO;
				GCC_NO_COMMON_BLOCKS = YES;
				GCC_OPTIMIZATION_LEVEL = 0;
				GCC_PREPROCESSOR_DEFINITIONS = (
					"DEBUG=1",
					"$(inherited)",
				);
				GCC_WARN_64_TO_32_BIT_CONVERSION = YES;
				GCC_WARN_ABOUT_RETURN_TYPE = YES_ERROR;
				GCC_WARN_UNDECLARED_SELECTOR = YES;
				GCC_WARN_UNINITIALIZED_AUTOS = YES_AGGRESSIVE;
				GCC_WARN_UNUSED_FUNCTION = YES;
				GCC_WARN_UNUSED_VARIABLE = YES;
				IPHONEOS_DEPLOYMENT_TARGET = 17.4;
				LOCALIZATION_PREFERS_STRING_CATALOGS = YES;
				MTL_ENABLE_DEBUG_INFO = INCLUDE_SOURCE;
				MTL_FAST_MATH = YES;
				ONLY_ACTIVE_ARCH = YES;
				SDKROOT = iphoneos;
				SWIFT_ACTIVE_COMPILATION_CONDITIONS = "DEBUG $(inherited)";
				SWIFT_OPTIMIZATION_LEVEL = "-Onone";
			};
			name = Debug;
		};
		71AB7C682CC3758500AF8C35 /* Release */ = {
			isa = XCBuildConfiguration;
			buildSettings = {
				ALWAYS_SEARCH_USER_PATHS = NO;
				ASSETCATALOG_COMPILER_GENERATE_SWIFT_ASSET_SYMBOL_EXTENSIONS = YES;
				CLANG_ANALYZER_LOCALIZABILITY_NONLOCALIZED = YES;
				CLANG_ANALYZER_NONNULL = YES;
				CLANG_ANALYZER_NUMBER_OBJECT_CONVERSION = YES_AGGRESSIVE;
				CLANG_CXX_LANGUAGE_STANDARD = "gnu++20";
				CLANG_ENABLE_MODULES = YES;
				CLANG_ENABLE_OBJC_ARC = YES;
				CLANG_ENABLE_OBJC_WEAK = YES;
				CLANG_WARN_BLOCK_CAPTURE_AUTORELEASING = YES;
				CLANG_WARN_BOOL_CONVERSION = YES;
				CLANG_WARN_COMMA = YES;
				CLANG_WARN_CONSTANT_CONVERSION = YES;
				CLANG_WARN_DEPRECATED_OBJC_IMPLEMENTATIONS = YES;
				CLANG_WARN_DIRECT_OBJC_ISA_USAGE = YES_ERROR;
				CLANG_WARN_DOCUMENTATION_COMMENTS = YES;
				CLANG_WARN_EMPTY_BODY = YES;
				CLANG_WARN_ENUM_CONVERSION = YES;
				CLANG_WARN_INFINITE_RECURSION = YES;
				CLANG_WARN_INT_CONVERSION = YES;
				CLANG_WARN_NON_LITERAL_NULL_CONVERSION = YES;
				CLANG_WARN_OBJC_IMPLICIT_RETAIN_SELF = YES;
				CLANG_WARN_OBJC_LITERAL_CONVERSION = YES;
				CLANG_WARN_OBJC_ROOT_CLASS = YES_ERROR;
				CLANG_WARN_QUOTED_INCLUDE_IN_FRAMEWORK_HEADER = YES;
				CLANG_WARN_RANGE_LOOP_ANALYSIS = YES;
				CLANG_WARN_STRICT_PROTOTYPES = YES;
				CLANG_WARN_SUSPICIOUS_MOVE = YES;
				CLANG_WARN_UNGUARDED_AVAILABILITY = YES_AGGRESSIVE;
				CLANG_WARN_UNREACHABLE_CODE = YES;
				CLANG_WARN__DUPLICATE_METHOD_MATCH = YES;
				COPY_PHASE_STRIP = NO;
				DEBUG_INFORMATION_FORMAT = "dwarf-with-dsym";
				ENABLE_NS_ASSERTIONS = NO;
				ENABLE_STRICT_OBJC_MSGSEND = YES;
				ENABLE_USER_SCRIPT_SANDBOXING = YES;
				GCC_C_LANGUAGE_STANDARD = gnu17;
				GCC_NO_COMMON_BLOCKS = YES;
				GCC_WARN_64_TO_32_BIT_CONVERSION = YES;
				GCC_WARN_ABOUT_RETURN_TYPE = YES_ERROR;
				GCC_WARN_UNDECLARED_SELECTOR = YES;
				GCC_WARN_UNINITIALIZED_AUTOS = YES_AGGRESSIVE;
				GCC_WARN_UNUSED_FUNCTION = YES;
				GCC_WARN_UNUSED_VARIABLE = YES;
				IPHONEOS_DEPLOYMENT_TARGET = 17.4;
				LOCALIZATION_PREFERS_STRING_CATALOGS = YES;
				MTL_ENABLE_DEBUG_INFO = NO;
				MTL_FAST_MATH = YES;
				SDKROOT = iphoneos;
				SWIFT_COMPILATION_MODE = wholemodule;
				VALIDATE_PRODUCT = YES;
			};
			name = Release;
		};
		71AB7C6A2CC3758500AF8C35 /* Debug */ = {
			isa = XCBuildConfiguration;
			baseConfigurationReference = 196F94660E693490FDD39440 /* Pods-To-Do List.debug.xcconfig */;
			buildSettings = {
				ASSETCATALOG_COMPILER_APPICON_NAME = AppIcon;
				ASSETCATALOG_COMPILER_GLOBAL_ACCENT_COLOR_NAME = AccentColor;
				CODE_SIGN_STYLE = Automatic;
				CURRENT_PROJECT_VERSION = 1;
				DEVELOPMENT_TEAM = CYZA5P2546;
				ENABLE_USER_SCRIPT_SANDBOXING = NO;
				GENERATE_INFOPLIST_FILE = YES;
				INFOPLIST_FILE = "To-Do List/Supporting Files/Info.plist";
				INFOPLIST_KEY_UIApplicationSupportsIndirectInputEvents = YES;
				INFOPLIST_KEY_UILaunchStoryboardName = LaunchScreen;
				INFOPLIST_KEY_UIMainStoryboardFile = Main;
				INFOPLIST_KEY_UISupportedInterfaceOrientations = UIInterfaceOrientationPortrait;
				IPHONEOS_DEPLOYMENT_TARGET = 15.0;
				LD_RUNPATH_SEARCH_PATHS = (
					"$(inherited)",
					"@executable_path/Frameworks",
				);
				MARKETING_VERSION = 1.0;
				PRODUCT_BUNDLE_IDENTIFIER = "com.dev.To-Do-List";
				PRODUCT_NAME = "$(TARGET_NAME)";
				SWIFT_EMIT_LOC_STRINGS = YES;
				SWIFT_VERSION = 5.0;
				TARGETED_DEVICE_FAMILY = "1,2";
			};
			name = Debug;
		};
		71AB7C6B2CC3758500AF8C35 /* Release */ = {
			isa = XCBuildConfiguration;
			baseConfigurationReference = A8C476271C0A12090ADF6454 /* Pods-To-Do List.release.xcconfig */;
			buildSettings = {
				ASSETCATALOG_COMPILER_APPICON_NAME = AppIcon;
				ASSETCATALOG_COMPILER_GLOBAL_ACCENT_COLOR_NAME = AccentColor;
				CODE_SIGN_STYLE = Automatic;
				CURRENT_PROJECT_VERSION = 1;
				DEVELOPMENT_TEAM = CYZA5P2546;
				ENABLE_USER_SCRIPT_SANDBOXING = NO;
				GENERATE_INFOPLIST_FILE = YES;
				INFOPLIST_FILE = "To-Do List/Supporting Files/Info.plist";
				INFOPLIST_KEY_UIApplicationSupportsIndirectInputEvents = YES;
				INFOPLIST_KEY_UILaunchStoryboardName = LaunchScreen;
				INFOPLIST_KEY_UIMainStoryboardFile = Main;
				INFOPLIST_KEY_UISupportedInterfaceOrientations = UIInterfaceOrientationPortrait;
				IPHONEOS_DEPLOYMENT_TARGET = 15.0;
				LD_RUNPATH_SEARCH_PATHS = (
					"$(inherited)",
					"@executable_path/Frameworks",
				);
				MARKETING_VERSION = 1.0;
				PRODUCT_BUNDLE_IDENTIFIER = "com.dev.To-Do-List";
				PRODUCT_NAME = "$(TARGET_NAME)";
				SWIFT_EMIT_LOC_STRINGS = YES;
				SWIFT_VERSION = 5.0;
				TARGETED_DEVICE_FAMILY = "1,2";
			};
			name = Release;
		};
		71AB7C6D2CC3758500AF8C35 /* Debug */ = {
			isa = XCBuildConfiguration;
			baseConfigurationReference = D3080D160C183E89F0245818 /* Pods-To-Do ListTests.debug.xcconfig */;
			buildSettings = {
				ALWAYS_EMBED_SWIFT_STANDARD_LIBRARIES = YES;
				BUNDLE_LOADER = "$(TEST_HOST)";
				CODE_SIGN_STYLE = Automatic;
				CURRENT_PROJECT_VERSION = 1;
				DEVELOPMENT_TEAM = CYZA5P2546;
				GENERATE_INFOPLIST_FILE = YES;
				IPHONEOS_DEPLOYMENT_TARGET = 17.4;
				MARKETING_VERSION = 1.0;
				PRODUCT_BUNDLE_IDENTIFIER = "com.dev.To-Do-ListTests";
				PRODUCT_NAME = "$(TARGET_NAME)";
				SWIFT_EMIT_LOC_STRINGS = NO;
				SWIFT_VERSION = 5.0;
				TARGETED_DEVICE_FAMILY = "1,2";
				TEST_HOST = "$(BUILT_PRODUCTS_DIR)/To-Do List.app/$(BUNDLE_EXECUTABLE_FOLDER_PATH)/To-Do List";
			};
			name = Debug;
		};
		71AB7C6E2CC3758500AF8C35 /* Release */ = {
			isa = XCBuildConfiguration;
			baseConfigurationReference = F14A16C5D5C152D5C05C55A1 /* Pods-To-Do ListTests.release.xcconfig */;
			buildSettings = {
				ALWAYS_EMBED_SWIFT_STANDARD_LIBRARIES = YES;
				BUNDLE_LOADER = "$(TEST_HOST)";
				CODE_SIGN_STYLE = Automatic;
				CURRENT_PROJECT_VERSION = 1;
				DEVELOPMENT_TEAM = CYZA5P2546;
				GENERATE_INFOPLIST_FILE = YES;
				IPHONEOS_DEPLOYMENT_TARGET = 17.4;
				MARKETING_VERSION = 1.0;
				PRODUCT_BUNDLE_IDENTIFIER = "com.dev.To-Do-ListTests";
				PRODUCT_NAME = "$(TARGET_NAME)";
				SWIFT_EMIT_LOC_STRINGS = NO;
				SWIFT_VERSION = 5.0;
				TARGETED_DEVICE_FAMILY = "1,2";
				TEST_HOST = "$(BUILT_PRODUCTS_DIR)/To-Do List.app/$(BUNDLE_EXECUTABLE_FOLDER_PATH)/To-Do List";
			};
			name = Release;
		};
		71AB7C702CC3758500AF8C35 /* Debug */ = {
			isa = XCBuildConfiguration;
			baseConfigurationReference = 1A32DF46B5BFB53A72BCA57A /* Pods-To-Do List-To-Do ListUITests.debug.xcconfig */;
			buildSettings = {
				ALWAYS_EMBED_SWIFT_STANDARD_LIBRARIES = YES;
				CODE_SIGN_STYLE = Automatic;
				CURRENT_PROJECT_VERSION = 1;
				DEVELOPMENT_TEAM = CYZA5P2546;
				GENERATE_INFOPLIST_FILE = YES;
				MARKETING_VERSION = 1.0;
				PRODUCT_BUNDLE_IDENTIFIER = "com.dev.To-Do-ListUITests";
				PRODUCT_NAME = "$(TARGET_NAME)";
				SWIFT_EMIT_LOC_STRINGS = NO;
				SWIFT_VERSION = 5.0;
				TARGETED_DEVICE_FAMILY = "1,2";
				TEST_TARGET_NAME = "To-Do List";
			};
			name = Debug;
		};
		71AB7C712CC3758500AF8C35 /* Release */ = {
			isa = XCBuildConfiguration;
			baseConfigurationReference = 994CDCB5881CF8BC53C12F70 /* Pods-To-Do List-To-Do ListUITests.release.xcconfig */;
			buildSettings = {
				ALWAYS_EMBED_SWIFT_STANDARD_LIBRARIES = YES;
				CODE_SIGN_STYLE = Automatic;
				CURRENT_PROJECT_VERSION = 1;
				DEVELOPMENT_TEAM = CYZA5P2546;
				GENERATE_INFOPLIST_FILE = YES;
				MARKETING_VERSION = 1.0;
				PRODUCT_BUNDLE_IDENTIFIER = "com.dev.To-Do-ListUITests";
				PRODUCT_NAME = "$(TARGET_NAME)";
				SWIFT_EMIT_LOC_STRINGS = NO;
				SWIFT_VERSION = 5.0;
				TARGETED_DEVICE_FAMILY = "1,2";
				TEST_TARGET_NAME = "To-Do List";
			};
			name = Release;
		};
/* End XCBuildConfiguration section */

/* Begin XCConfigurationList section */
		71AB7C372CC3758300AF8C35 /* Build configuration list for PBXProject "To-Do List" */ = {
			isa = XCConfigurationList;
			buildConfigurations = (
				71AB7C672CC3758500AF8C35 /* Debug */,
				71AB7C682CC3758500AF8C35 /* Release */,
			);
			defaultConfigurationIsVisible = 0;
			defaultConfigurationName = Release;
		};
		71AB7C692CC3758500AF8C35 /* Build configuration list for PBXNativeTarget "To-Do List" */ = {
			isa = XCConfigurationList;
			buildConfigurations = (
				71AB7C6A2CC3758500AF8C35 /* Debug */,
				71AB7C6B2CC3758500AF8C35 /* Release */,
			);
			defaultConfigurationIsVisible = 0;
			defaultConfigurationName = Release;
		};
		71AB7C6C2CC3758500AF8C35 /* Build configuration list for PBXNativeTarget "To-Do ListTests" */ = {
			isa = XCConfigurationList;
			buildConfigurations = (
				71AB7C6D2CC3758500AF8C35 /* Debug */,
				71AB7C6E2CC3758500AF8C35 /* Release */,
			);
			defaultConfigurationIsVisible = 0;
			defaultConfigurationName = Release;
		};
		71AB7C6F2CC3758500AF8C35 /* Build configuration list for PBXNativeTarget "To-Do ListUITests" */ = {
			isa = XCConfigurationList;
			buildConfigurations = (
				71AB7C702CC3758500AF8C35 /* Debug */,
				71AB7C712CC3758500AF8C35 /* Release */,
			);
			defaultConfigurationIsVisible = 0;
			defaultConfigurationName = Release;
		};
/* End XCConfigurationList section */

/* Begin XCVersionGroup section */
		71AB7C482CC3758300AF8C35 /* To_Do_List.xcdatamodeld */ = {
			isa = XCVersionGroup;
			children = (
				71AB7C492CC3758300AF8C35 /* To_Do_List.xcdatamodel */,
			);
			currentVersion = 71AB7C492CC3758300AF8C35 /* To_Do_List.xcdatamodel */;
			path = To_Do_List.xcdatamodeld;
			sourceTree = "<group>";
			versionGroupType = wrapper.xcdatamodel;
		};
/* End XCVersionGroup section */
	};
	rootObject = 71AB7C342CC3758300AF8C35 /* Project object */;
}
